{
  "requires": true,
  "lockfileVersion": 1,
  "dependencies": {
    "jscharting": {
      "version": "3.0.2",
      "resolved": "https://registry.npmjs.org/jscharting/-/jscharting-3.0.2.tgz",
      "integrity": "sha512-8Yb8iV1FUXEM9CuyO9wxV/1giw/gPgxqtnzTw5C+AvSsODXXzJOXtzkWtl6sZ3loQpoNPl+ZGsc6ZYKRxHGc9A=="
    }
  }
}
